
Microsoft Visual Studio Solution File, Format Version 12.00
# Visual Studio 15
VisualStudioVersion = 15.0.27130.2010
MinimumVisualStudioVersion = 10.0.40219.1
Project("{FAE04EC0-301F-11D3-BF4B-00C04F79EFBC}") = "GF.BackTesting", "GF.BackTesting\GF.BackTesting.csproj", "{5C84364C-68DF-4024-848B-F4CDE038A112}"
EndProject
Project("{FAE04EC0-301F-11D3-BF4B-00C04F79EFBC}") = "GF.BackTesting.Facts", "GF.BackTesting.Facts\GF.BackTesting.Facts.csproj", "{E2BBDFE2-9FDA-4656-BE9B-8095B95F7EBF}"
EndProject
Project("{FAE04EC0-301F-11D3-BF4B-00C04F79EFBC}") = "GF.BackTesting.Client", "GF.BackTesting.Client\GF.BackTesting.Client.csproj", "{2F606F09-F0E0-498C-8F80-E1310AE94859}"
EndProject
Global
	GlobalSection(SolutionConfigurationPlatforms) = preSolution
		Debug|Any CPU = Debug|Any CPU
		Release|Any CPU = Release|Any CPU
	EndGlobalSection
	GlobalSection(ProjectConfigurationPlatforms) = postSolution
		{5C84364C-68DF-4024-848B-F4CDE038A112}.Debug|Any CPU.ActiveCfg = Debug|Any CPU
		{5C84364C-68DF-4024-848B-F4CDE038A112}.Debug|Any CPU.Build.0 = Debug|Any CPU
		{5C84364C-68DF-4024-848B-F4CDE038A112}.Release|Any CPU.ActiveCfg = Release|Any CPU
		{5C84364C-68DF-4024-848B-F4CDE038A112}.Release|Any CPU.Build.0 = Release|Any CPU
		{E2BBDFE2-9FDA-4656-BE9B-8095B95F7EBF}.Debug|Any CPU.ActiveCfg = Debug|Any CPU
		{E2BBDFE2-9FDA-4656-BE9B-8095B95F7EBF}.Debug|Any CPU.Build.0 = Debug|Any CPU
		{E2BBDFE2-9FDA-4656-BE9B-8095B95F7EBF}.Release|Any CPU.ActiveCfg = Release|Any CPU
		{E2BBDFE2-9FDA-4656-BE9B-8095B95F7EBF}.Release|Any CPU.Build.0 = Release|Any CPU
		{2F606F09-F0E0-498C-8F80-E1310AE94859}.Debug|Any CPU.ActiveCfg = Debug|Any CPU
		{2F606F09-F0E0-498C-8F80-E1310AE94859}.Debug|Any CPU.Build.0 = Debug|Any CPU
		{2F606F09-F0E0-498C-8F80-E1310AE94859}.Release|Any CPU.ActiveCfg = Release|Any CPU
		{2F606F09-F0E0-498C-8F80-E1310AE94859}.Release|Any CPU.Build.0 = Release|Any CPU
	EndGlobalSection
	GlobalSection(SolutionProperties) = preSolution
		HideSolutionNode = FALSE
	EndGlobalSection
	GlobalSection(ExtensibilityGlobals) = postSolution
		SolutionGuid = {F18D9185-3278-4BC3-9537-C511F83EB7C8}
	EndGlobalSection
EndGlobal
